
Microsoft Visual Studio Solution File, Format Version 12.00
# Visual Studio 2012
Project("{F2A71F9B-5D33-465A-A702-920D77279786}") = "FIron", "FIron\FIron.fsproj", "{F1865C50-0627-48A5-8319-CAD5F22BA6CE}"
EndProject
Project("{FAE04EC0-301F-11D3-BF4B-00C04F79EFBC}") = "FIronContent", "FIronContent\FIronContent.contentproj", "{8E6531EB-D821-482A-AF02-B615DC8631A7}"
EndProject
Project("{FAE04EC0-301F-11D3-BF4B-00C04F79EFBC}") = "FIronCS", "FIronCS\FIronCS.csproj", "{EA0457B9-7C48-4397-B58A-C2127C4DF724}"
EndProject
Project("{FAE04EC0-301F-11D3-BF4B-00C04F79EFBC}") = "AwesomiumXNA", "..\AwesomiumXNA Zipped\AwesomiumXNA\AwesomiumXNA.csproj", "{251BCEDB-CC58-4266-B087-6D404A4A1785}"
EndProject
Project("{2150E333-8FDC-42A3-9474-1A3956D46DE8}") = "ref", "ref", "{FF5DD477-2111-461A-B19F-AD5F4414420E}"
EndProject
Global
	GlobalSection(SolutionConfigurationPlatforms) = preSolution
		Debug|Any CPU = Debug|Any CPU
		Debug|Mixed Platforms = Debug|Mixed Platforms
		Debug|x86 = Debug|x86
		Release|Any CPU = Release|Any CPU
		Release|Mixed Platforms = Release|Mixed Platforms
		Release|x86 = Release|x86
	EndGlobalSection
	GlobalSection(ProjectConfigurationPlatforms) = postSolution
		{F1865C50-0627-48A5-8319-CAD5F22BA6CE}.Debug|Any CPU.ActiveCfg = Debug|Any CPU
		{F1865C50-0627-48A5-8319-CAD5F22BA6CE}.Debug|Any CPU.Build.0 = Debug|Any CPU
		{F1865C50-0627-48A5-8319-CAD5F22BA6CE}.Debug|Mixed Platforms.ActiveCfg = Debug|Any CPU
		{F1865C50-0627-48A5-8319-CAD5F22BA6CE}.Debug|Mixed Platforms.Build.0 = Debug|Any CPU
		{F1865C50-0627-48A5-8319-CAD5F22BA6CE}.Debug|x86.ActiveCfg = Debug|Any CPU
		{F1865C50-0627-48A5-8319-CAD5F22BA6CE}.Release|Any CPU.ActiveCfg = Release|Any CPU
		{F1865C50-0627-48A5-8319-CAD5F22BA6CE}.Release|Any CPU.Build.0 = Release|Any CPU
		{F1865C50-0627-48A5-8319-CAD5F22BA6CE}.Release|Mixed Platforms.ActiveCfg = Release|Any CPU
		{F1865C50-0627-48A5-8319-CAD5F22BA6CE}.Release|Mixed Platforms.Build.0 = Release|Any CPU
		{F1865C50-0627-48A5-8319-CAD5F22BA6CE}.Release|x86.ActiveCfg = Release|Any CPU
		{8E6531EB-D821-482A-AF02-B615DC8631A7}.Debug|Any CPU.ActiveCfg = Debug|Any CPU
		{8E6531EB-D821-482A-AF02-B615DC8631A7}.Debug|Mixed Platforms.ActiveCfg = Debug|Any CPU
		{8E6531EB-D821-482A-AF02-B615DC8631A7}.Debug|x86.ActiveCfg = Debug|Any CPU
		{8E6531EB-D821-482A-AF02-B615DC8631A7}.Release|Any CPU.ActiveCfg = Debug|Any CPU
		{8E6531EB-D821-482A-AF02-B615DC8631A7}.Release|Mixed Platforms.ActiveCfg = Debug|Any CPU
		{8E6531EB-D821-482A-AF02-B615DC8631A7}.Release|x86.ActiveCfg = Debug|Any CPU
		{EA0457B9-7C48-4397-B58A-C2127C4DF724}.Debug|Any CPU.ActiveCfg = Debug|x86
		{EA0457B9-7C48-4397-B58A-C2127C4DF724}.Debug|Mixed Platforms.ActiveCfg = Debug|x86
		{EA0457B9-7C48-4397-B58A-C2127C4DF724}.Debug|Mixed Platforms.Build.0 = Debug|x86
		{EA0457B9-7C48-4397-B58A-C2127C4DF724}.Debug|x86.ActiveCfg = Debug|x86
		{EA0457B9-7C48-4397-B58A-C2127C4DF724}.Debug|x86.Build.0 = Debug|x86
		{EA0457B9-7C48-4397-B58A-C2127C4DF724}.Release|Any CPU.ActiveCfg = Release|x86
		{EA0457B9-7C48-4397-B58A-C2127C4DF724}.Release|Mixed Platforms.ActiveCfg = Release|x86
		{EA0457B9-7C48-4397-B58A-C2127C4DF724}.Release|Mixed Platforms.Build.0 = Release|x86
		{EA0457B9-7C48-4397-B58A-C2127C4DF724}.Release|x86.ActiveCfg = Release|x86
		{EA0457B9-7C48-4397-B58A-C2127C4DF724}.Release|x86.Build.0 = Release|x86
		{251BCEDB-CC58-4266-B087-6D404A4A1785}.Debug|Any CPU.ActiveCfg = Debug|x86
		{251BCEDB-CC58-4266-B087-6D404A4A1785}.Debug|Mixed Platforms.ActiveCfg = Debug|x86
		{251BCEDB-CC58-4266-B087-6D404A4A1785}.Debug|Mixed Platforms.Build.0 = Debug|x86
		{251BCEDB-CC58-4266-B087-6D404A4A1785}.Debug|x86.ActiveCfg = Debug|x86
		{251BCEDB-CC58-4266-B087-6D404A4A1785}.Debug|x86.Build.0 = Debug|x86
		{251BCEDB-CC58-4266-B087-6D404A4A1785}.Release|Any CPU.ActiveCfg = Release|x86
		{251BCEDB-CC58-4266-B087-6D404A4A1785}.Release|Mixed Platforms.ActiveCfg = Release|x86
		{251BCEDB-CC58-4266-B087-6D404A4A1785}.Release|Mixed Platforms.Build.0 = Release|x86
		{251BCEDB-CC58-4266-B087-6D404A4A1785}.Release|x86.ActiveCfg = Release|x86
		{251BCEDB-CC58-4266-B087-6D404A4A1785}.Release|x86.Build.0 = Release|x86
	EndGlobalSection
	GlobalSection(SolutionProperties) = preSolution
		HideSolutionNode = FALSE
	EndGlobalSection
	GlobalSection(NestedProjects) = preSolution
		{251BCEDB-CC58-4266-B087-6D404A4A1785} = {FF5DD477-2111-461A-B19F-AD5F4414420E}
	EndGlobalSection
	GlobalSection(Performance) = preSolution
		HasPerformanceSessions = true
	EndGlobalSection
EndGlobal
